
Microsoft Visual Studio Solution File, Format Version 12.00
# Visual Studio Version 17
VisualStudioVersion = 17.9.34728.123
MinimumVisualStudioVersion = 10.0.40219.1
Project("{FAE04EC0-301F-11D3-BF4B-00C04F79EFBC}") = "WpfGraphics", "App\WpfGraphics.csproj", "{8AC66C4D-8C8F-4193-818F-E7330A76C127}"
EndProject
Global
	GlobalSection(SolutionConfigurationPlatforms) = preSolution
		Debug|Any CPU = Debug|Any CPU
		Release|Any CPU = Release|Any CPU
	EndGlobalSection
	GlobalSection(ProjectConfigurationPlatforms) = postSolution
		{8AC66C4D-8C8F-4193-818F-E7330A76C127}.Debug|Any CPU.ActiveCfg = Debug|Any CPU
		{8AC66C4D-8C8F-4193-818F-E7330A76C127}.Debug|Any CPU.Build.0 = Debug|Any CPU
		{8AC66C4D-8C8F-4193-818F-E7330A76C127}.Release|Any CPU.ActiveCfg = Release|Any CPU
		{8AC66C4D-8C8F-4193-818F-E7330A76C127}.Release|Any CPU.Build.0 = Release|Any CPU
	EndGlobalSection
	GlobalSection(SolutionProperties) = preSolution
		HideSolutionNode = FALSE
	EndGlobalSection
	GlobalSection(ExtensibilityGlobals) = postSolution
		SolutionGuid = {51158340-726A-4209-8BB4-71D79CB2EA47}
	EndGlobalSection
EndGlobal
